
Microsoft Visual Studio Solution File, Format Version 12.00
# Visual Studio Version 17
VisualStudioVersion = 17.10.34916.146
MinimumVisualStudioVersion = 10.0.40219.1
Project("{FAE04EC0-301F-11D3-BF4B-00C04F79EFBC}") = "TASK_Dotnet_MVC", "TASK_Dotnet_MVC\TASK_Dotnet_MVC.csproj", "{A53962A0-2A46-4032-986C-0B1B8A1D4EF7}"
EndProject
Global
	GlobalSection(SolutionConfigurationPlatforms) = preSolution
		Debug|Any CPU = Debug|Any CPU
		Release|Any CPU = Release|Any CPU
	EndGlobalSection
	GlobalSection(ProjectConfigurationPlatforms) = postSolution
		{A53962A0-2A46-4032-986C-0B1B8A1D4EF7}.Debug|Any CPU.ActiveCfg = Debug|Any CPU
		{A53962A0-2A46-4032-986C-0B1B8A1D4EF7}.Debug|Any CPU.Build.0 = Debug|Any CPU
		{A53962A0-2A46-4032-986C-0B1B8A1D4EF7}.Release|Any CPU.ActiveCfg = Release|Any CPU
		{A53962A0-2A46-4032-986C-0B1B8A1D4EF7}.Release|Any CPU.Build.0 = Release|Any CPU
	EndGlobalSection
	GlobalSection(SolutionProperties) = preSolution
		HideSolutionNode = FALSE
	EndGlobalSection
	GlobalSection(ExtensibilityGlobals) = postSolution
		SolutionGuid = {ECE3D526-6F5D-442D-8F77-FF50AE55E04F}
	EndGlobalSection
EndGlobal
